
Microsoft Visual Studio Solution File, Format Version 12.00
# Visual Studio Version 16
VisualStudioVersion = 16.0.31112.23
MinimumVisualStudioVersion = 10.0.40219.1
Project("{FAE04EC0-301F-11D3-BF4B-00C04F79EFBC}") = "LotteryDemoBackend", "LotteryDemoBackend\LotteryDemoBackend.csproj", "{C2AAF6A7-6BE2-4BEB-B2D8-642505E39E32}"
EndProject
Project("{FAE04EC0-301F-11D3-BF4B-00C04F79EFBC}") = "Core", "Core\Core.csproj", "{A74F860C-1FD4-46BE-B957-0CB1CEC4B03E}"
EndProject
Project("{FAE04EC0-301F-11D3-BF4B-00C04F79EFBC}") = "LotteryDemo.Database", "LotteryDemo.Database\LotteryDemo.Database.csproj", "{A2C0B724-0F47-40D5-87FE-FB8BFFA4F902}"
EndProject
Project("{FAE04EC0-301F-11D3-BF4B-00C04F79EFBC}") = "LotteryDemo.Entities", "LotteryDemo.Entities\LotteryDemo.Entities.csproj", "{085C9F90-1F32-40C6-8F02-8ABA51DC7641}"
EndProject
Project("{FAE04EC0-301F-11D3-BF4B-00C04F79EFBC}") = "LotteryDemo.Domain", "LotteryDemo.Domain\LotteryDemo.Domain.csproj", "{7CA17409-F8C6-45BE-ABA2-8F9E87E39B5B}"
EndProject
Global
	GlobalSection(SolutionConfigurationPlatforms) = preSolution
		Debug|Any CPU = Debug|Any CPU
		Release|Any CPU = Release|Any CPU
	EndGlobalSection
	GlobalSection(ProjectConfigurationPlatforms) = postSolution
		{C2AAF6A7-6BE2-4BEB-B2D8-642505E39E32}.Debug|Any CPU.ActiveCfg = Debug|Any CPU
		{C2AAF6A7-6BE2-4BEB-B2D8-642505E39E32}.Debug|Any CPU.Build.0 = Debug|Any CPU
		{C2AAF6A7-6BE2-4BEB-B2D8-642505E39E32}.Release|Any CPU.ActiveCfg = Release|Any CPU
		{C2AAF6A7-6BE2-4BEB-B2D8-642505E39E32}.Release|Any CPU.Build.0 = Release|Any CPU
		{A74F860C-1FD4-46BE-B957-0CB1CEC4B03E}.Debug|Any CPU.ActiveCfg = Debug|Any CPU
		{A74F860C-1FD4-46BE-B957-0CB1CEC4B03E}.Debug|Any CPU.Build.0 = Debug|Any CPU
		{A74F860C-1FD4-46BE-B957-0CB1CEC4B03E}.Release|Any CPU.ActiveCfg = Release|Any CPU
		{A74F860C-1FD4-46BE-B957-0CB1CEC4B03E}.Release|Any CPU.Build.0 = Release|Any CPU
		{A2C0B724-0F47-40D5-87FE-FB8BFFA4F902}.Debug|Any CPU.ActiveCfg = Debug|Any CPU
		{A2C0B724-0F47-40D5-87FE-FB8BFFA4F902}.Debug|Any CPU.Build.0 = Debug|Any CPU
		{A2C0B724-0F47-40D5-87FE-FB8BFFA4F902}.Release|Any CPU.ActiveCfg = Release|Any CPU
		{A2C0B724-0F47-40D5-87FE-FB8BFFA4F902}.Release|Any CPU.Build.0 = Release|Any CPU
		{085C9F90-1F32-40C6-8F02-8ABA51DC7641}.Debug|Any CPU.ActiveCfg = Debug|Any CPU
		{085C9F90-1F32-40C6-8F02-8ABA51DC7641}.Debug|Any CPU.Build.0 = Debug|Any CPU
		{085C9F90-1F32-40C6-8F02-8ABA51DC7641}.Release|Any CPU.ActiveCfg = Release|Any CPU
		{085C9F90-1F32-40C6-8F02-8ABA51DC7641}.Release|Any CPU.Build.0 = Release|Any CPU
		{7CA17409-F8C6-45BE-ABA2-8F9E87E39B5B}.Debug|Any CPU.ActiveCfg = Debug|Any CPU
		{7CA17409-F8C6-45BE-ABA2-8F9E87E39B5B}.Debug|Any CPU.Build.0 = Debug|Any CPU
		{7CA17409-F8C6-45BE-ABA2-8F9E87E39B5B}.Release|Any CPU.ActiveCfg = Release|Any CPU
		{7CA17409-F8C6-45BE-ABA2-8F9E87E39B5B}.Release|Any CPU.Build.0 = Release|Any CPU
	EndGlobalSection
	GlobalSection(SolutionProperties) = preSolution
		HideSolutionNode = FALSE
	EndGlobalSection
	GlobalSection(ExtensibilityGlobals) = postSolution
		SolutionGuid = {2AB0FE9A-8EA5-4EFE-A91F-1FC2B76512E6}
	EndGlobalSection
EndGlobal
